
Microsoft Visual Studio Solution File, Format Version 12.00
# Visual Studio Version 17
VisualStudioVersion = 17.1.32328.378
MinimumVisualStudioVersion = 10.0.40219.1
Project("{9A19103F-16F7-4668-BE54-9A1E7A4F7556}") = "pcso-jcr-frontend", "pcso-jcr-frontend.csproj", "{258DFF55-5B73-49D8-BBDB-976247B33228}"
EndProject
Global
	GlobalSection(SolutionConfigurationPlatforms) = preSolution
		Debug|Any CPU = Debug|Any CPU
		Release|Any CPU = Release|Any CPU
	EndGlobalSection
	GlobalSection(ProjectConfigurationPlatforms) = postSolution
		{258DFF55-5B73-49D8-BBDB-976247B33228}.Debug|Any CPU.ActiveCfg = Debug|Any CPU
		{258DFF55-5B73-49D8-BBDB-976247B33228}.Debug|Any CPU.Build.0 = Debug|Any CPU
		{258DFF55-5B73-49D8-BBDB-976247B33228}.Release|Any CPU.ActiveCfg = Release|Any CPU
		{258DFF55-5B73-49D8-BBDB-976247B33228}.Release|Any CPU.Build.0 = Release|Any CPU
	EndGlobalSection
	GlobalSection(SolutionProperties) = preSolution
		HideSolutionNode = FALSE
	EndGlobalSection
	GlobalSection(ExtensibilityGlobals) = postSolution
		SolutionGuid = {462A9F23-6BDF-49B7-893E-B549C3CAF2BF}
	EndGlobalSection
EndGlobal
